
Microsoft Visual Studio Solution File, Format Version 12.00
# Visual Studio Version 17
VisualStudioVersion = 17.6.33815.320
MinimumVisualStudioVersion = 10.0.40219.1
Project("{9A19103F-16F7-4668-BE54-9A1E7A4F7556}") = "eShopOnlineApiHost", "eShopOnlineApiHost.csproj", "{4819D578-C3CB-4FE3-BDE5-20BF512E6C93}"
EndProject
Project("{2150E333-8FDC-42A3-9474-1A3956D46DE8}") = "Cores", "Cores", "{1E781C52-0C3E-42B2-ABBC-1D2B18453F0D}"
EndProject
Project("{9A19103F-16F7-4668-BE54-9A1E7A4F7556}") = "Domains", "..\Cores\Domains\Domains.csproj", "{04551E44-14C1-40ED-9D7F-FE30CA70E28C}"
EndProject
Project("{2150E333-8FDC-42A3-9474-1A3956D46DE8}") = "Mains", "Mains", "{1EDFFD7D-28CD-4095-9C7F-D3437498ED4E}"
EndProject
Project("{2150E333-8FDC-42A3-9474-1A3956D46DE8}") = "Implementations", "Implementations", "{D510F032-6744-44B6-9209-41EB96626B53}"
EndProject
Project("{9A19103F-16F7-4668-BE54-9A1E7A4F7556}") = "eShopOnlineEFCore", "..\Implementations\eShopOnlineEFCore\eShopOnlineEFCore.csproj", "{D304F089-5E7E-4AF4-A05D-519258B45A67}"
EndProject
Project("{9A19103F-16F7-4668-BE54-9A1E7A4F7556}") = "Contracts.Repositories", "..\Cores\Contracts.Repositories\Contracts.Repositories.csproj", "{3AA6CE6B-B177-4BD4-992B-2140F7EE6CC4}"
EndProject
Project("{9A19103F-16F7-4668-BE54-9A1E7A4F7556}") = "eShopOnlineRepositories", "..\Implementations\eShopOnlineRepositories\eShopOnlineRepositories.csproj", "{94C6A8E9-898E-4A11-B8C9-14A34837C092}"
EndProject
Project("{9A19103F-16F7-4668-BE54-9A1E7A4F7556}") = "Shared", "..\Cores\Shared\Shared.csproj", "{475D453A-86B7-4D8C-9EEE-109AB1CAD3AF}"
EndProject
Project("{9A19103F-16F7-4668-BE54-9A1E7A4F7556}") = "Contracts", "..\Cores\Contracts\Contracts.csproj", "{03B362E2-7C6F-40EA-8D18-95F78B38555E}"
EndProject
Project("{9A19103F-16F7-4668-BE54-9A1E7A4F7556}") = "eShopOnlineUtilities", "..\Implementations\eShopOnlineUtilities\eShopOnlineUtilities.csproj", "{8C3BD090-3AC3-4A10-AF6C-81B2E2788361}"
EndProject
Project("{9A19103F-16F7-4668-BE54-9A1E7A4F7556}") = "eShopOnlineBusiness", "..\Implementations\eShopOnlineBusiness\eShopOnlineBusiness.csproj", "{20B6C851-809F-4044-90F4-3581A34CA991}"
EndProject
Project("{9A19103F-16F7-4668-BE54-9A1E7A4F7556}") = "Contracts.Business", "..\Cores\Contracts.Business\Contracts.Business.csproj", "{CF6E3325-5BEC-4B1A-9B13-A134B4301C13}"
EndProject
Project("{9A19103F-16F7-4668-BE54-9A1E7A4F7556}") = "eShopOnlineApiRestful", "..\Implementations\eShopOnlineApiRestful\eShopOnlineApiRestful.csproj", "{016B77C7-BC66-417B-BE48-426340472CCD}"
EndProject
Project("{2150E333-8FDC-42A3-9474-1A3956D46DE8}") = "UnitTests", "UnitTests", "{1F69649F-44A3-4794-80F4-157BBFB090D6}"
EndProject
Project("{9A19103F-16F7-4668-BE54-9A1E7A4F7556}") = "UnitTest.eShopOnlineApiRestful", "..\UnitTests\UnitTest.eShopOnlineApiRestful\UnitTest.eShopOnlineApiRestful.csproj", "{00FBCCFD-BA13-473F-8A59-7EAE510D950A}"
EndProject
Project("{2150E333-8FDC-42A3-9474-1A3956D46DE8}") = "MockCores", "MockCores", "{12892DAF-2E01-4A5A-BC2B-27DD4B86CBAE}"
EndProject
Project("{9A19103F-16F7-4668-BE54-9A1E7A4F7556}") = "MockContracts", "..\MockCores\MockContracts\MockContracts.csproj", "{72B3BF42-0072-4003-8A3C-36DCB9770754}"
EndProject
Project("{9A19103F-16F7-4668-BE54-9A1E7A4F7556}") = "MockContracts.Business", "..\MockCores\MockContracts.Business\MockContracts.Business.csproj", "{7F602251-3151-4F19-B5E3-745BD125CEBF}"
EndProject
Project("{9A19103F-16F7-4668-BE54-9A1E7A4F7556}") = "FakeDataShared", "..\MockCores\FakeDataShared\FakeDataShared.csproj", "{03C29C47-5894-4417-9B92-9BF16830390B}"
EndProject
Project("{FAE04EC0-301F-11D3-BF4B-00C04F79EFBC}") = "UnitTest.eShopOnlineBusiness", "..\UnitTests\UnitTest.eShopOnlineBusiness\UnitTest.eShopOnlineBusiness.csproj", "{2B70B766-C99F-4B8C-B9C9-8E066CF1298C}"
EndProject
Project("{FAE04EC0-301F-11D3-BF4B-00C04F79EFBC}") = "MockContracts.Repositories", "..\MockCores\MockContracts.Repositories\MockContracts.Repositories.csproj", "{A364E96C-7AFA-4FD9-8476-6610D2752665}"
EndProject
Global
	GlobalSection(SolutionConfigurationPlatforms) = preSolution
		Debug|Any CPU = Debug|Any CPU
		Release|Any CPU = Release|Any CPU
	EndGlobalSection
	GlobalSection(ProjectConfigurationPlatforms) = postSolution
		{4819D578-C3CB-4FE3-BDE5-20BF512E6C93}.Debug|Any CPU.ActiveCfg = Debug|Any CPU
		{4819D578-C3CB-4FE3-BDE5-20BF512E6C93}.Debug|Any CPU.Build.0 = Debug|Any CPU
		{4819D578-C3CB-4FE3-BDE5-20BF512E6C93}.Release|Any CPU.ActiveCfg = Release|Any CPU
		{4819D578-C3CB-4FE3-BDE5-20BF512E6C93}.Release|Any CPU.Build.0 = Release|Any CPU
		{04551E44-14C1-40ED-9D7F-FE30CA70E28C}.Debug|Any CPU.ActiveCfg = Debug|Any CPU
		{04551E44-14C1-40ED-9D7F-FE30CA70E28C}.Debug|Any CPU.Build.0 = Debug|Any CPU
		{04551E44-14C1-40ED-9D7F-FE30CA70E28C}.Release|Any CPU.ActiveCfg = Release|Any CPU
		{04551E44-14C1-40ED-9D7F-FE30CA70E28C}.Release|Any CPU.Build.0 = Release|Any CPU
		{D304F089-5E7E-4AF4-A05D-519258B45A67}.Debug|Any CPU.ActiveCfg = Debug|Any CPU
		{D304F089-5E7E-4AF4-A05D-519258B45A67}.Debug|Any CPU.Build.0 = Debug|Any CPU
		{D304F089-5E7E-4AF4-A05D-519258B45A67}.Release|Any CPU.ActiveCfg = Release|Any CPU
		{D304F089-5E7E-4AF4-A05D-519258B45A67}.Release|Any CPU.Build.0 = Release|Any CPU
		{3AA6CE6B-B177-4BD4-992B-2140F7EE6CC4}.Debug|Any CPU.ActiveCfg = Debug|Any CPU
		{3AA6CE6B-B177-4BD4-992B-2140F7EE6CC4}.Debug|Any CPU.Build.0 = Debug|Any CPU
		{3AA6CE6B-B177-4BD4-992B-2140F7EE6CC4}.Release|Any CPU.ActiveCfg = Release|Any CPU
		{3AA6CE6B-B177-4BD4-992B-2140F7EE6CC4}.Release|Any CPU.Build.0 = Release|Any CPU
		{94C6A8E9-898E-4A11-B8C9-14A34837C092}.Debug|Any CPU.ActiveCfg = Debug|Any CPU
		{94C6A8E9-898E-4A11-B8C9-14A34837C092}.Debug|Any CPU.Build.0 = Debug|Any CPU
		{94C6A8E9-898E-4A11-B8C9-14A34837C092}.Release|Any CPU.ActiveCfg = Release|Any CPU
		{94C6A8E9-898E-4A11-B8C9-14A34837C092}.Release|Any CPU.Build.0 = Release|Any CPU
		{475D453A-86B7-4D8C-9EEE-109AB1CAD3AF}.Debug|Any CPU.ActiveCfg = Debug|Any CPU
		{475D453A-86B7-4D8C-9EEE-109AB1CAD3AF}.Debug|Any CPU.Build.0 = Debug|Any CPU
		{475D453A-86B7-4D8C-9EEE-109AB1CAD3AF}.Release|Any CPU.ActiveCfg = Release|Any CPU
		{475D453A-86B7-4D8C-9EEE-109AB1CAD3AF}.Release|Any CPU.Build.0 = Release|Any CPU
		{03B362E2-7C6F-40EA-8D18-95F78B38555E}.Debug|Any CPU.ActiveCfg = Debug|Any CPU
		{03B362E2-7C6F-40EA-8D18-95F78B38555E}.Debug|Any CPU.Build.0 = Debug|Any CPU
		{03B362E2-7C6F-40EA-8D18-95F78B38555E}.Release|Any CPU.ActiveCfg = Release|Any CPU
		{03B362E2-7C6F-40EA-8D18-95F78B38555E}.Release|Any CPU.Build.0 = Release|Any CPU
		{8C3BD090-3AC3-4A10-AF6C-81B2E2788361}.Debug|Any CPU.ActiveCfg = Debug|Any CPU
		{8C3BD090-3AC3-4A10-AF6C-81B2E2788361}.Debug|Any CPU.Build.0 = Debug|Any CPU
		{8C3BD090-3AC3-4A10-AF6C-81B2E2788361}.Release|Any CPU.ActiveCfg = Release|Any CPU
		{8C3BD090-3AC3-4A10-AF6C-81B2E2788361}.Release|Any CPU.Build.0 = Release|Any CPU
		{20B6C851-809F-4044-90F4-3581A34CA991}.Debug|Any CPU.ActiveCfg = Debug|Any CPU
		{20B6C851-809F-4044-90F4-3581A34CA991}.Debug|Any CPU.Build.0 = Debug|Any CPU
		{20B6C851-809F-4044-90F4-3581A34CA991}.Release|Any CPU.ActiveCfg = Release|Any CPU
		{20B6C851-809F-4044-90F4-3581A34CA991}.Release|Any CPU.Build.0 = Release|Any CPU
		{CF6E3325-5BEC-4B1A-9B13-A134B4301C13}.Debug|Any CPU.ActiveCfg = Debug|Any CPU
		{CF6E3325-5BEC-4B1A-9B13-A134B4301C13}.Debug|Any CPU.Build.0 = Debug|Any CPU
		{CF6E3325-5BEC-4B1A-9B13-A134B4301C13}.Release|Any CPU.ActiveCfg = Release|Any CPU
		{CF6E3325-5BEC-4B1A-9B13-A134B4301C13}.Release|Any CPU.Build.0 = Release|Any CPU
		{016B77C7-BC66-417B-BE48-426340472CCD}.Debug|Any CPU.ActiveCfg = Debug|Any CPU
		{016B77C7-BC66-417B-BE48-426340472CCD}.Debug|Any CPU.Build.0 = Debug|Any CPU
		{016B77C7-BC66-417B-BE48-426340472CCD}.Release|Any CPU.ActiveCfg = Release|Any CPU
		{016B77C7-BC66-417B-BE48-426340472CCD}.Release|Any CPU.Build.0 = Release|Any CPU
		{00FBCCFD-BA13-473F-8A59-7EAE510D950A}.Debug|Any CPU.ActiveCfg = Debug|Any CPU
		{00FBCCFD-BA13-473F-8A59-7EAE510D950A}.Debug|Any CPU.Build.0 = Debug|Any CPU
		{00FBCCFD-BA13-473F-8A59-7EAE510D950A}.Release|Any CPU.ActiveCfg = Release|Any CPU
		{00FBCCFD-BA13-473F-8A59-7EAE510D950A}.Release|Any CPU.Build.0 = Release|Any CPU
		{72B3BF42-0072-4003-8A3C-36DCB9770754}.Debug|Any CPU.ActiveCfg = Debug|Any CPU
		{72B3BF42-0072-4003-8A3C-36DCB9770754}.Debug|Any CPU.Build.0 = Debug|Any CPU
		{72B3BF42-0072-4003-8A3C-36DCB9770754}.Release|Any CPU.ActiveCfg = Release|Any CPU
		{72B3BF42-0072-4003-8A3C-36DCB9770754}.Release|Any CPU.Build.0 = Release|Any CPU
		{7F602251-3151-4F19-B5E3-745BD125CEBF}.Debug|Any CPU.ActiveCfg = Debug|Any CPU
		{7F602251-3151-4F19-B5E3-745BD125CEBF}.Debug|Any CPU.Build.0 = Debug|Any CPU
		{7F602251-3151-4F19-B5E3-745BD125CEBF}.Release|Any CPU.ActiveCfg = Release|Any CPU
		{7F602251-3151-4F19-B5E3-745BD125CEBF}.Release|Any CPU.Build.0 = Release|Any CPU
		{03C29C47-5894-4417-9B92-9BF16830390B}.Debug|Any CPU.ActiveCfg = Debug|Any CPU
		{03C29C47-5894-4417-9B92-9BF16830390B}.Debug|Any CPU.Build.0 = Debug|Any CPU
		{03C29C47-5894-4417-9B92-9BF16830390B}.Release|Any CPU.ActiveCfg = Release|Any CPU
		{03C29C47-5894-4417-9B92-9BF16830390B}.Release|Any CPU.Build.0 = Release|Any CPU
		{2B70B766-C99F-4B8C-B9C9-8E066CF1298C}.Debug|Any CPU.ActiveCfg = Debug|Any CPU
		{2B70B766-C99F-4B8C-B9C9-8E066CF1298C}.Debug|Any CPU.Build.0 = Debug|Any CPU
		{2B70B766-C99F-4B8C-B9C9-8E066CF1298C}.Release|Any CPU.ActiveCfg = Release|Any CPU
		{2B70B766-C99F-4B8C-B9C9-8E066CF1298C}.Release|Any CPU.Build.0 = Release|Any CPU
		{A364E96C-7AFA-4FD9-8476-6610D2752665}.Debug|Any CPU.ActiveCfg = Debug|Any CPU
		{A364E96C-7AFA-4FD9-8476-6610D2752665}.Debug|Any CPU.Build.0 = Debug|Any CPU
		{A364E96C-7AFA-4FD9-8476-6610D2752665}.Release|Any CPU.ActiveCfg = Release|Any CPU
		{A364E96C-7AFA-4FD9-8476-6610D2752665}.Release|Any CPU.Build.0 = Release|Any CPU
	EndGlobalSection
	GlobalSection(SolutionProperties) = preSolution
		HideSolutionNode = FALSE
	EndGlobalSection
	GlobalSection(NestedProjects) = preSolution
		{4819D578-C3CB-4FE3-BDE5-20BF512E6C93} = {1EDFFD7D-28CD-4095-9C7F-D3437498ED4E}
		{04551E44-14C1-40ED-9D7F-FE30CA70E28C} = {1E781C52-0C3E-42B2-ABBC-1D2B18453F0D}
		{D304F089-5E7E-4AF4-A05D-519258B45A67} = {D510F032-6744-44B6-9209-41EB96626B53}
		{3AA6CE6B-B177-4BD4-992B-2140F7EE6CC4} = {1E781C52-0C3E-42B2-ABBC-1D2B18453F0D}
		{94C6A8E9-898E-4A11-B8C9-14A34837C092} = {D510F032-6744-44B6-9209-41EB96626B53}
		{475D453A-86B7-4D8C-9EEE-109AB1CAD3AF} = {1E781C52-0C3E-42B2-ABBC-1D2B18453F0D}
		{03B362E2-7C6F-40EA-8D18-95F78B38555E} = {1E781C52-0C3E-42B2-ABBC-1D2B18453F0D}
		{8C3BD090-3AC3-4A10-AF6C-81B2E2788361} = {D510F032-6744-44B6-9209-41EB96626B53}
		{20B6C851-809F-4044-90F4-3581A34CA991} = {D510F032-6744-44B6-9209-41EB96626B53}
		{CF6E3325-5BEC-4B1A-9B13-A134B4301C13} = {1E781C52-0C3E-42B2-ABBC-1D2B18453F0D}
		{016B77C7-BC66-417B-BE48-426340472CCD} = {D510F032-6744-44B6-9209-41EB96626B53}
		{00FBCCFD-BA13-473F-8A59-7EAE510D950A} = {1F69649F-44A3-4794-80F4-157BBFB090D6}
		{72B3BF42-0072-4003-8A3C-36DCB9770754} = {12892DAF-2E01-4A5A-BC2B-27DD4B86CBAE}
		{7F602251-3151-4F19-B5E3-745BD125CEBF} = {12892DAF-2E01-4A5A-BC2B-27DD4B86CBAE}
		{03C29C47-5894-4417-9B92-9BF16830390B} = {12892DAF-2E01-4A5A-BC2B-27DD4B86CBAE}
		{2B70B766-C99F-4B8C-B9C9-8E066CF1298C} = {1F69649F-44A3-4794-80F4-157BBFB090D6}
		{A364E96C-7AFA-4FD9-8476-6610D2752665} = {12892DAF-2E01-4A5A-BC2B-27DD4B86CBAE}
	EndGlobalSection
	GlobalSection(ExtensibilityGlobals) = postSolution
		SolutionGuid = {9D826026-5075-4DF3-8BAA-CD2C38819842}
	EndGlobalSection
EndGlobal
